{
    "_readme": [
        "This file locks the dependencies of your project to a known state",
        "Read more about it at https://getcomposer.org/doc/01-basic-usage.md#composer-lock-the-lock-file",
        "This file is @generated automatically"
    ],
    "content-hash": "9cf1134604f9831c42d5ca76454a96f2",
    "packages": [
        {
            "name": "chiedolabs/laboratory-helpers",
            "version": "1.0.5",
            "source": {
                "type": "git",
                "url": "https://github.com/chiedolabs/laboratory-helpers.git",
                "reference": "4ff6a9fdb930dc51b8173e28a7e27c5d813fc9af"
            },
            "dist": {
                "type": "zip",
                "url": "https://api.github.com/repos/chiedolabs/laboratory-helpers/zipball/4ff6a9fdb930dc51b8173e28a7e27c5d813fc9af",
                "reference": "4ff6a9fdb930dc51b8173e28a7e27c5d813fc9af",
                "shasum": ""
            },
            "type": "library",
            "autoload": {
                "files": [
                    "src/index.php"
                ],
                "psr-4": {
                    "ChiedoLabs\\LaboratoryHelpers\\": "src/"
                }
            },
            "notification-url": "https://packagist.org/downloads/",
            "license": [
                "MIT"
            ],
            "authors": [
                {
                    "name": "Ricardo Fearing",
                    "email": "ricardo@chiedo.com",
                    "homepage": "https://github.com/rfearing"
                },
                {
                    "name": "Don Townsend",
                    "email": "don@chiedo.com",
                    "homepage": "https://github.com/townofdon"
                }
            ],
            "description": "Simple helper functions to use in your custom WordPress Theme.",
            "keywords": [
                "wordpress"
            ],
            "time": "2018-11-21T21:11:07+00:00"
        }
    ],
    "packages-dev": [],
    "aliases": [],
    "minimum-stability": "stable",
    "stability-flags": [],
    "prefer-stable": false,
    "prefer-lowest": false,
    "platform": [],
    "platform-dev": []
}
